
Microsoft Visual Studio Solution File, Format Version 12.00
# Visual Studio 15
Project("{FAE04EC0-301F-11D3-BF4B-00C04F79EFBC}") = "ClassesExample", "ClassesExample\ClassesExample.csproj", "{78826DCE-7791-42BE-AB50-EA04E52BE65D}"
EndProject
Global
	GlobalSection(SolutionConfigurationPlatforms) = preSolution
		Debug|Any CPU = Debug|Any CPU
		Release|Any CPU = Release|Any CPU
	EndGlobalSection
	GlobalSection(ProjectConfigurationPlatforms) = postSolution
		{78826DCE-7791-42BE-AB50-EA04E52BE65D}.Debug|Any CPU.ActiveCfg = Debug|Any CPU
		{78826DCE-7791-42BE-AB50-EA04E52BE65D}.Debug|Any CPU.Build.0 = Debug|Any CPU
		{78826DCE-7791-42BE-AB50-EA04E52BE65D}.Release|Any CPU.ActiveCfg = Release|Any CPU
		{78826DCE-7791-42BE-AB50-EA04E52BE65D}.Release|Any CPU.Build.0 = Release|Any CPU
	EndGlobalSection
EndGlobal
